
Microsoft Visual Studio Solution File, Format Version 12.00
# Visual Studio Version 17
VisualStudioVersion = 17.6.33723.286
MinimumVisualStudioVersion = 10.0.40219.1
Project("{888888A0-9F3D-457C-B088-3A5042F75D52}") = "Bankomat", "Bankomat.pyproj", "{B7D674CF-0B3D-4030-9651-0E951E5E603E}"
EndProject
Global
	GlobalSection(SolutionConfigurationPlatforms) = preSolution
		Debug|Any CPU = Debug|Any CPU
		Release|Any CPU = Release|Any CPU
	EndGlobalSection
	GlobalSection(ProjectConfigurationPlatforms) = postSolution
		{B7D674CF-0B3D-4030-9651-0E951E5E603E}.Debug|Any CPU.ActiveCfg = Debug|Any CPU
		{B7D674CF-0B3D-4030-9651-0E951E5E603E}.Release|Any CPU.ActiveCfg = Release|Any CPU
	EndGlobalSection
	GlobalSection(SolutionProperties) = preSolution
		HideSolutionNode = FALSE
	EndGlobalSection
	GlobalSection(ExtensibilityGlobals) = postSolution
		SolutionGuid = {72EDB2ED-FEAA-4304-A270-D4160A268D8D}
	EndGlobalSection
EndGlobal
